
Microsoft Visual Studio Solution File, Format Version 12.00
# Visual Studio Version 16
VisualStudioVersion = 16.0.29418.71
MinimumVisualStudioVersion = 10.0.40219.1
Project("{FAE04EC0-301F-11D3-BF4B-00C04F79EFBC}") = "CodeWars", "CodeWars\CodeWars.csproj", "{0DE76A7B-132F-4016-8DA5-9217EB4669FE}"
EndProject
Global
	GlobalSection(SolutionConfigurationPlatforms) = preSolution
		Debug|Any CPU = Debug|Any CPU
		Release|Any CPU = Release|Any CPU
	EndGlobalSection
	GlobalSection(ProjectConfigurationPlatforms) = postSolution
		{0DE76A7B-132F-4016-8DA5-9217EB4669FE}.Debug|Any CPU.ActiveCfg = Debug|Any CPU
		{0DE76A7B-132F-4016-8DA5-9217EB4669FE}.Debug|Any CPU.Build.0 = Debug|Any CPU
		{0DE76A7B-132F-4016-8DA5-9217EB4669FE}.Release|Any CPU.ActiveCfg = Release|Any CPU
		{0DE76A7B-132F-4016-8DA5-9217EB4669FE}.Release|Any CPU.Build.0 = Release|Any CPU
	EndGlobalSection
	GlobalSection(SolutionProperties) = preSolution
		HideSolutionNode = FALSE
	EndGlobalSection
	GlobalSection(ExtensibilityGlobals) = postSolution
		SolutionGuid = {EC64D074-9072-49A8-B7CD-0A8C2A833F5D}
	EndGlobalSection
EndGlobal
